# This file is automatically @generated by Cargo.
# It is not intended for manual editing.
version = 3

[[package]]
name = "cp"
version = "0.1.0"

[[package]]
name = "ll"
version = "0.1.0"

[[package]]
name = "ls"
version = "0.1.0"

[[package]]
name = "rm"
version = "0.1.0"

[[package]]
name = "touch"
version = "0.1.0"
